{
  "pins" : [
    {
      "identity" : "devicekit",
      "kind" : "remoteSourceControl",
      "location" : "https://github.com/devicekit/DeviceKit",
      "state" : {
        "branch" : "master",
        "revision" : "1291f3789e1a9d8142b949940d4baf0da611cb54"
      }
    },
    {
      "identity" : "swift-argument-parser",
      "kind" : "remoteSourceControl",
      "location" : "https://github.com/apple/swift-argument-parser",
      "state" : {
        "branch" : "main",
        "revision" : "c5050aa63ed5bb23209e7120b7ff6618ee06e0ee"
      }
    }
  ],
  "version" : 2
}
